
Microsoft Visual Studio Solution File, Format Version 12.00
Project("{FAE04EC0-301F-11D3-BF4B-00C04F79EFBC}") = "Application.UI.Client", "src\Application.UI.Client\Application.UI.Client.csproj", "{A2ED833C-E7F2-4C9B-97D5-4F1ADB89406A}"
EndProject
Project("{FAE04EC0-301F-11D3-BF4B-00C04F79EFBC}") = "Application.UI.Model", "src\Application.UI.Model\Application.UI.Model.csproj", "{1298A36F-4E55-49F6-8F35-C2AE9A5B2E64}"
EndProject
Project("{FAE04EC0-301F-11D3-BF4B-00C04F79EFBC}") = "Domain", "src\Domain\Domain.csproj", "{DCEFEA73-CD51-4B7B-AB8C-2B7FA851B950}"
EndProject
Project("{FAE04EC0-301F-11D3-BF4B-00C04F79EFBC}") = "Application.UI", "src\Application.UI\Application.UI.csproj", "{15D1816E-89D0-4FC6-AC1D-A91A5D13CBDE}"
EndProject
Project("{FAE04EC0-301F-11D3-BF4B-00C04F79EFBC}") = "Infrastructure.ServiceDefaults", "src\Infrastructure.ServiceDefaults\Infrastructure.ServiceDefaults.csproj", "{E301DCEE-553F-456C-BF47-8C05E9DFCDAF}"
EndProject
Project("{FAE04EC0-301F-11D3-BF4B-00C04F79EFBC}") = "Infrastructure", "src\Infrastructure\Infrastructure.csproj", "{A5C80CDB-0086-46C3-923B-FC24CEF5B250}"
EndProject
Project("{FAE04EC0-301F-11D3-BF4B-00C04F79EFBC}") = "AppHost", "src\AppHost\AppHost.csproj", "{A9F0B91D-5FB2-47DA-8A90-F820B8C760B0}"
EndProject
Project("{FAE04EC0-301F-11D3-BF4B-00C04F79EFBC}") = "Application.Shared", "src\Application.Shared\Application.Shared.csproj", "{7BC1CF34-10E3-4E36-B20E-1DBA9100B6BA}"
EndProject
Project("{FAE04EC0-301F-11D3-BF4B-00C04F79EFBC}") = "Application.Simulator", "src\Application.Simulator\Application.Simulator.csproj", "{3C30FC5E-3C23-4095-8E2B-B2FD53FCCFCC}"
EndProject
Project("{FAE04EC0-301F-11D3-BF4B-00C04F79EFBC}") = "Application.RideService", "src\Application.RideService\Application.RideService.csproj", "{8E6C2A0D-1790-43D7-ABAF-5DF235D7B0CE}"
EndProject
Project("{2150E333-8FDC-42A3-9474-1A3956D46DE8}") = "src", "src", "{AA7178EE-0EF9-462A-A30A-1EB71D3CD8F3}"
EndProject
Project("{2150E333-8FDC-42A3-9474-1A3956D46DE8}") = "demo", "demo", "{91970203-D153-4550-9863-2B5B4ED87FC4}"
EndProject
Project("{FAE04EC0-301F-11D3-BF4B-00C04F79EFBC}") = "Demo.LoadBalancing", "demo\Demo.LoadBalancing\Demo.LoadBalancing.csproj", "{7F1D6067-9D69-41DB-B240-FC3FEDB795F1}"
EndProject
Project("{FAE04EC0-301F-11D3-BF4B-00C04F79EFBC}") = "Application.MigrationService", "src\Application.MigrationService\Application.MigrationService.csproj", "{D27F02A2-F6AD-426B-B6EE-6FAB4D1E1A64}"
EndProject
Global
	GlobalSection(SolutionConfigurationPlatforms) = preSolution
		Debug|Any CPU = Debug|Any CPU
		Release|Any CPU = Release|Any CPU
	EndGlobalSection
	GlobalSection(ProjectConfigurationPlatforms) = postSolution
		{A2ED833C-E7F2-4C9B-97D5-4F1ADB89406A}.Debug|Any CPU.ActiveCfg = Debug|Any CPU
		{A2ED833C-E7F2-4C9B-97D5-4F1ADB89406A}.Debug|Any CPU.Build.0 = Debug|Any CPU
		{A2ED833C-E7F2-4C9B-97D5-4F1ADB89406A}.Release|Any CPU.ActiveCfg = Release|Any CPU
		{A2ED833C-E7F2-4C9B-97D5-4F1ADB89406A}.Release|Any CPU.Build.0 = Release|Any CPU
		{1298A36F-4E55-49F6-8F35-C2AE9A5B2E64}.Debug|Any CPU.ActiveCfg = Debug|Any CPU
		{1298A36F-4E55-49F6-8F35-C2AE9A5B2E64}.Debug|Any CPU.Build.0 = Debug|Any CPU
		{1298A36F-4E55-49F6-8F35-C2AE9A5B2E64}.Release|Any CPU.ActiveCfg = Release|Any CPU
		{1298A36F-4E55-49F6-8F35-C2AE9A5B2E64}.Release|Any CPU.Build.0 = Release|Any CPU
		{DCEFEA73-CD51-4B7B-AB8C-2B7FA851B950}.Debug|Any CPU.ActiveCfg = Debug|Any CPU
		{DCEFEA73-CD51-4B7B-AB8C-2B7FA851B950}.Debug|Any CPU.Build.0 = Debug|Any CPU
		{DCEFEA73-CD51-4B7B-AB8C-2B7FA851B950}.Release|Any CPU.ActiveCfg = Release|Any CPU
		{DCEFEA73-CD51-4B7B-AB8C-2B7FA851B950}.Release|Any CPU.Build.0 = Release|Any CPU
		{15D1816E-89D0-4FC6-AC1D-A91A5D13CBDE}.Debug|Any CPU.ActiveCfg = Debug|Any CPU
		{15D1816E-89D0-4FC6-AC1D-A91A5D13CBDE}.Debug|Any CPU.Build.0 = Debug|Any CPU
		{15D1816E-89D0-4FC6-AC1D-A91A5D13CBDE}.Release|Any CPU.ActiveCfg = Release|Any CPU
		{15D1816E-89D0-4FC6-AC1D-A91A5D13CBDE}.Release|Any CPU.Build.0 = Release|Any CPU
		{E301DCEE-553F-456C-BF47-8C05E9DFCDAF}.Debug|Any CPU.ActiveCfg = Debug|Any CPU
		{E301DCEE-553F-456C-BF47-8C05E9DFCDAF}.Debug|Any CPU.Build.0 = Debug|Any CPU
		{E301DCEE-553F-456C-BF47-8C05E9DFCDAF}.Release|Any CPU.ActiveCfg = Release|Any CPU
		{E301DCEE-553F-456C-BF47-8C05E9DFCDAF}.Release|Any CPU.Build.0 = Release|Any CPU
		{A5C80CDB-0086-46C3-923B-FC24CEF5B250}.Debug|Any CPU.ActiveCfg = Debug|Any CPU
		{A5C80CDB-0086-46C3-923B-FC24CEF5B250}.Debug|Any CPU.Build.0 = Debug|Any CPU
		{A5C80CDB-0086-46C3-923B-FC24CEF5B250}.Release|Any CPU.ActiveCfg = Release|Any CPU
		{A5C80CDB-0086-46C3-923B-FC24CEF5B250}.Release|Any CPU.Build.0 = Release|Any CPU
		{A9F0B91D-5FB2-47DA-8A90-F820B8C760B0}.Debug|Any CPU.ActiveCfg = Debug|Any CPU
		{A9F0B91D-5FB2-47DA-8A90-F820B8C760B0}.Debug|Any CPU.Build.0 = Debug|Any CPU
		{A9F0B91D-5FB2-47DA-8A90-F820B8C760B0}.Release|Any CPU.ActiveCfg = Release|Any CPU
		{A9F0B91D-5FB2-47DA-8A90-F820B8C760B0}.Release|Any CPU.Build.0 = Release|Any CPU
		{7BC1CF34-10E3-4E36-B20E-1DBA9100B6BA}.Debug|Any CPU.ActiveCfg = Debug|Any CPU
		{7BC1CF34-10E3-4E36-B20E-1DBA9100B6BA}.Debug|Any CPU.Build.0 = Debug|Any CPU
		{7BC1CF34-10E3-4E36-B20E-1DBA9100B6BA}.Release|Any CPU.ActiveCfg = Release|Any CPU
		{7BC1CF34-10E3-4E36-B20E-1DBA9100B6BA}.Release|Any CPU.Build.0 = Release|Any CPU
		{3C30FC5E-3C23-4095-8E2B-B2FD53FCCFCC}.Debug|Any CPU.ActiveCfg = Debug|Any CPU
		{3C30FC5E-3C23-4095-8E2B-B2FD53FCCFCC}.Debug|Any CPU.Build.0 = Debug|Any CPU
		{3C30FC5E-3C23-4095-8E2B-B2FD53FCCFCC}.Release|Any CPU.ActiveCfg = Release|Any CPU
		{3C30FC5E-3C23-4095-8E2B-B2FD53FCCFCC}.Release|Any CPU.Build.0 = Release|Any CPU
		{8E6C2A0D-1790-43D7-ABAF-5DF235D7B0CE}.Debug|Any CPU.ActiveCfg = Debug|Any CPU
		{8E6C2A0D-1790-43D7-ABAF-5DF235D7B0CE}.Debug|Any CPU.Build.0 = Debug|Any CPU
		{8E6C2A0D-1790-43D7-ABAF-5DF235D7B0CE}.Release|Any CPU.ActiveCfg = Release|Any CPU
		{8E6C2A0D-1790-43D7-ABAF-5DF235D7B0CE}.Release|Any CPU.Build.0 = Release|Any CPU
		{7F1D6067-9D69-41DB-B240-FC3FEDB795F1}.Debug|Any CPU.ActiveCfg = Debug|Any CPU
		{7F1D6067-9D69-41DB-B240-FC3FEDB795F1}.Debug|Any CPU.Build.0 = Debug|Any CPU
		{7F1D6067-9D69-41DB-B240-FC3FEDB795F1}.Release|Any CPU.ActiveCfg = Release|Any CPU
		{7F1D6067-9D69-41DB-B240-FC3FEDB795F1}.Release|Any CPU.Build.0 = Release|Any CPU
		{D27F02A2-F6AD-426B-B6EE-6FAB4D1E1A64}.Debug|Any CPU.ActiveCfg = Debug|Any CPU
		{D27F02A2-F6AD-426B-B6EE-6FAB4D1E1A64}.Debug|Any CPU.Build.0 = Debug|Any CPU
		{D27F02A2-F6AD-426B-B6EE-6FAB4D1E1A64}.Release|Any CPU.ActiveCfg = Release|Any CPU
		{D27F02A2-F6AD-426B-B6EE-6FAB4D1E1A64}.Release|Any CPU.Build.0 = Release|Any CPU
	EndGlobalSection
	GlobalSection(NestedProjects) = preSolution
		{A9F0B91D-5FB2-47DA-8A90-F820B8C760B0} = {AA7178EE-0EF9-462A-A30A-1EB71D3CD8F3}
		{7F1D6067-9D69-41DB-B240-FC3FEDB795F1} = {91970203-D153-4550-9863-2B5B4ED87FC4}
		{8E6C2A0D-1790-43D7-ABAF-5DF235D7B0CE} = {AA7178EE-0EF9-462A-A30A-1EB71D3CD8F3}
		{7BC1CF34-10E3-4E36-B20E-1DBA9100B6BA} = {AA7178EE-0EF9-462A-A30A-1EB71D3CD8F3}
		{3C30FC5E-3C23-4095-8E2B-B2FD53FCCFCC} = {AA7178EE-0EF9-462A-A30A-1EB71D3CD8F3}
		{15D1816E-89D0-4FC6-AC1D-A91A5D13CBDE} = {AA7178EE-0EF9-462A-A30A-1EB71D3CD8F3}
		{A2ED833C-E7F2-4C9B-97D5-4F1ADB89406A} = {AA7178EE-0EF9-462A-A30A-1EB71D3CD8F3}
		{1298A36F-4E55-49F6-8F35-C2AE9A5B2E64} = {AA7178EE-0EF9-462A-A30A-1EB71D3CD8F3}
		{DCEFEA73-CD51-4B7B-AB8C-2B7FA851B950} = {AA7178EE-0EF9-462A-A30A-1EB71D3CD8F3}
		{A5C80CDB-0086-46C3-923B-FC24CEF5B250} = {AA7178EE-0EF9-462A-A30A-1EB71D3CD8F3}
		{E301DCEE-553F-456C-BF47-8C05E9DFCDAF} = {AA7178EE-0EF9-462A-A30A-1EB71D3CD8F3}
		{D27F02A2-F6AD-426B-B6EE-6FAB4D1E1A64} = {AA7178EE-0EF9-462A-A30A-1EB71D3CD8F3}
	EndGlobalSection
EndGlobal
