
Microsoft Visual Studio Solution File, Format Version 12.00
# Visual Studio Version 17
VisualStudioVersion = 17.5.002.0
MinimumVisualStudioVersion = 10.0.40219.1
Project("{9A19103F-16F7-4668-BE54-9A1E7A4F7556}") = "Demo.LoadBalancing", "Demo.LoadBalancing.csproj", "{FC86C3F1-F2B8-4CC4-B5AB-0BDAA03C0BD4}"
EndProject
Global
	GlobalSection(SolutionConfigurationPlatforms) = preSolution
		Debug|Any CPU = Debug|Any CPU
		Release|Any CPU = Release|Any CPU
	EndGlobalSection
	GlobalSection(ProjectConfigurationPlatforms) = postSolution
		{FC86C3F1-F2B8-4CC4-B5AB-0BDAA03C0BD4}.Debug|Any CPU.ActiveCfg = Debug|Any CPU
		{FC86C3F1-F2B8-4CC4-B5AB-0BDAA03C0BD4}.Debug|Any CPU.Build.0 = Debug|Any CPU
		{FC86C3F1-F2B8-4CC4-B5AB-0BDAA03C0BD4}.Release|Any CPU.ActiveCfg = Release|Any CPU
		{FC86C3F1-F2B8-4CC4-B5AB-0BDAA03C0BD4}.Release|Any CPU.Build.0 = Release|Any CPU
	EndGlobalSection
	GlobalSection(SolutionProperties) = preSolution
		HideSolutionNode = FALSE
	EndGlobalSection
	GlobalSection(ExtensibilityGlobals) = postSolution
		SolutionGuid = {75A217E8-4B0A-4E29-8EDC-75128791F51D}
	EndGlobalSection
EndGlobal
